hash: 97d851fe84c4a167b2c293866464ad466f98ac8a0f01a90a540471ef593c4d33
updated: 2017-08-31T07:56:03.409363715-04:00
imports:
- name: github.com/golang/protobuf
  version: ab9f9a6dab164b7d1246e0e688b0ab7b94d8553e
  subpackages:
  - proto
  - ptypes
  - ptypes/any
  - ptypes/duration
  - ptypes/timestamp
- name: github.com/intelsdi-x/snap-plugin-lib-go
  version: 4fa1360e35b2f1ebb5fb14a575cc11ecc199c531
  subpackages:
  - v1/plugin
  - v1/plugin/rpc
- name: github.com/julienschmidt/httprouter
  version: 8c199fb6259ffc1af525cc3ad52ee60ba8359669
- name: github.com/Sirupsen/logrus
  version: f006c2ac4710855cf0f916dd6b77acf6b048dc6e
- name: github.com/urfave/cli
  version: cfb38830724cc34fedffe9a2a29fb54fa9169cd1
- name: golang.org/x/crypto
  version: 81e90905daefcd6fd217b62423c0908922eadb30
  subpackages:
  - ssh/terminal
- name: golang.org/x/net
  version: 66aacef3dd8a676686c7ae3716979581e8b03c47
  subpackages:
  - context
  - http2
  - http2/hpack
  - idna
  - internal/timeseries
  - lex/httplex
  - trace
- name: golang.org/x/sys
  version: ab9e364efd8b52800ff7ee48a9ffba4e0ed78dfb
  subpackages:
  - unix
  - windows
- name: golang.org/x/text
  version: 18c65dde6afd36dbc39197ca72008895b8dfbfb6
  subpackages:
  - secure/bidirule
  - transform
  - unicode/bidi
  - unicode/norm
- name: golang.org/x/tools
  version: 2d19ab38faf14664c76088411c21bf4fafea960b
  subpackages:
  - cmd/stringer
- name: google.golang.org/genproto
  version: ee236bd376b077c7a89f260c026c4735b195e459
  subpackages:
  - googleapis/rpc/status
- name: google.golang.org/grpc
  version: f92cdcd7dcdc69e81b2d7b338479a19a8723cfa3
  subpackages:
  - codes
  - connectivity
  - credentials
  - grpclb/grpc_lb_v1/messages
  - grpclog
  - internal
  - keepalive
  - metadata
  - naming
  - peer
  - stats
  - status
  - tap
  - transport
testImports: []
